
Microsoft Visual Studio Solution File, Format Version 12.00
# Visual Studio Version 17
VisualStudioVersion = 17.14.36518.9 d17.14
MinimumVisualStudioVersion = 10.0.40219.1
Project("{FAE04EC0-301F-11D3-BF4B-00C04F79EFBC}") = "P5_3_714240044", "P5_3_714240044\P5_3_714240044.csproj", "{F1A35655-6CC0-4ABE-B0D3-C10AAFC02614}"
EndProject
Global
	GlobalSection(SolutionConfigurationPlatforms) = preSolution
		Debug|Any CPU = Debug|Any CPU
		Release|Any CPU = Release|Any CPU
	EndGlobalSection
	GlobalSection(ProjectConfigurationPlatforms) = postSolution
		{F1A35655-6CC0-4ABE-B0D3-C10AAFC02614}.Debug|Any CPU.ActiveCfg = Debug|Any CPU
		{F1A35655-6CC0-4ABE-B0D3-C10AAFC02614}.Debug|Any CPU.Build.0 = Debug|Any CPU
		{F1A35655-6CC0-4ABE-B0D3-C10AAFC02614}.Release|Any CPU.ActiveCfg = Release|Any CPU
		{F1A35655-6CC0-4ABE-B0D3-C10AAFC02614}.Release|Any CPU.Build.0 = Release|Any CPU
	EndGlobalSection
	GlobalSection(SolutionProperties) = preSolution
		HideSolutionNode = FALSE
	EndGlobalSection
	GlobalSection(ExtensibilityGlobals) = postSolution
		SolutionGuid = {17BBFA6B-4EB0-4BCF-870F-E5A618D166F6}
	EndGlobalSection
EndGlobal
