
Microsoft Visual Studio Solution File, Format Version 12.00
# Visual Studio Version 17
VisualStudioVersion = 17.14.36518.9 d17.14
MinimumVisualStudioVersion = 10.0.40219.1
Project("{FAE04EC0-301F-11D3-BF4B-00C04F79EFBC}") = "P5_1_714240044", "P5_1_714240044\P5_1_714240044.csproj", "{B46D68E7-DFC7-4AD0-B0B2-AEFDD5724CEE}"
EndProject
Global
	GlobalSection(SolutionConfigurationPlatforms) = preSolution
		Debug|Any CPU = Debug|Any CPU
		Release|Any CPU = Release|Any CPU
	EndGlobalSection
	GlobalSection(ProjectConfigurationPlatforms) = postSolution
		{B46D68E7-DFC7-4AD0-B0B2-AEFDD5724CEE}.Debug|Any CPU.ActiveCfg = Debug|Any CPU
		{B46D68E7-DFC7-4AD0-B0B2-AEFDD5724CEE}.Debug|Any CPU.Build.0 = Debug|Any CPU
		{B46D68E7-DFC7-4AD0-B0B2-AEFDD5724CEE}.Release|Any CPU.ActiveCfg = Release|Any CPU
		{B46D68E7-DFC7-4AD0-B0B2-AEFDD5724CEE}.Release|Any CPU.Build.0 = Release|Any CPU
	EndGlobalSection
	GlobalSection(SolutionProperties) = preSolution
		HideSolutionNode = FALSE
	EndGlobalSection
	GlobalSection(ExtensibilityGlobals) = postSolution
		SolutionGuid = {590599A5-C305-43B6-9388-274C792AAAF9}
	EndGlobalSection
EndGlobal
